{
  "version": 4,
  "terraform_version": "0.13.0",
  "serial": 4,
  "lineage": "f56287c6-e0c7-17f6-3f15-1b19841aaf24",
  "outputs": {},
  "resources": [
    {
      "mode": "managed",
      "type": "aws_instance",
      "name": "sneakbike_instance",
      "provider": "provider[\"registry.terraform.io/hashicorp/aws\"]",
      "instances": [
        {
          "schema_version": 1,
          "attributes": {
            "ami": "ami-0bcc094591f354be2",
            "arn": "arn:aws:ec2:us-east-1:626034116433:instance/i-018f98c7ebb844018",
            "associate_public_ip_address": true,
            "availability_zone": "us-east-1f",
            "cpu_core_count": 1,
            "cpu_threads_per_core": 2,
            "credit_specification": [
              {
                "cpu_credits": "unlimited"
              }
            ],
            "disable_api_termination": false,
            "ebs_block_device": [],
            "ebs_optimized": false,
            "ephemeral_block_device": [],
            "get_password_data": false,
            "hibernation": false,
            "host_id": null,
            "iam_instance_profile": "",
            "id": "i-018f98c7ebb844018",
            "instance_initiated_shutdown_behavior": null,
            "instance_state": "running",
            "instance_type": "t3a.micro",
            "ipv6_address_count": 0,
            "ipv6_addresses": [],
            "key_name": "sneakbike_key_pair",
            "metadata_options": [
              {
                "http_endpoint": "enabled",
                "http_put_response_hop_limit": 1,
                "http_tokens": "optional"
              }
            ],
            "monitoring": false,
            "network_interface": [],
            "outpost_arn": "",
            "password_data": "",
            "placement_group": "",
            "primary_network_interface_id": "eni-028ccd198be5023eb",
            "private_dns": "ip-172-31-69-65.ec2.internal",
            "private_ip": "172.31.69.65",
            "public_dns": "ec2-34-204-200-179.compute-1.amazonaws.com",
            "public_ip": "34.204.200.179",
            "root_block_device": [
              {
                "delete_on_termination": true,
                "device_name": "/dev/sda1",
                "encrypted": false,
                "iops": 100,
                "kms_key_id": "",
                "volume_id": "vol-02dbda1b9c75b085c",
                "volume_size": 8,
                "volume_type": "gp2"
              }
            ],
            "secondary_private_ips": [],
            "security_groups": [
              "allow_rtmp"
            ],
            "source_dest_check": true,
            "subnet_id": "subnet-b412d4ba",
            "tags": null,
            "tenancy": "default",
            "timeouts": null,
            "user_data": null,
            "user_data_base64": null,
            "volume_tags": {},
            "vpc_security_group_ids": [
              "sg-08c00c073b7fdfefc"
            ]
          },
          "private": "eyJlMmJmYjczMC1lY2FhLTExZTYtOGY4OC0zNDM2M2JjN2M0YzAiOnsiY3JlYXRlIjo2MDAwMDAwMDAwMDAsImRlbGV0ZSI6MTIwMDAwMDAwMDAwMCwidXBkYXRlIjo2MDAwMDAwMDAwMDB9LCJzY2hlbWFfdmVyc2lvbiI6IjEifQ==",
          "dependencies": [
            "aws_key_pair.sneakbike_key_pair",
            "aws_security_group.allow_rtmp"
          ]
        }
      ]
    },
    {
      "mode": "managed",
      "type": "aws_key_pair",
      "name": "sneakbike_key_pair",
      "provider": "provider[\"registry.terraform.io/hashicorp/aws\"]",
      "instances": [
        {
          "schema_version": 1,
          "attributes": {
            "arn": "arn:aws:ec2:us-east-1:626034116433:key-pair/sneakbike_key_pair",
            "fingerprint": "b4:a0:bc:00:d6:7a:74:18:3b:91:ed:4f:0b:f0:e7:1d",
            "id": "sneakbike_key_pair",
            "key_name": "sneakbike_key_pair",
            "key_name_prefix": null,
            "key_pair_id": "key-07316c1990f05424d",
            "public_key": "ssh-rsa AAAAB3NzaC1yc2EAAAADAQABAAABAQDEWxSputKjUW2kAwrYqIEiyhlg0Ab/frpSLd04e86Rp3Mtp06IWMNb4vSexqQ9aLyr5NIVOkz9P8jA2Op65XHPQLFLTf23mqHjmmlFDc3Ja9c3dy6z9pmUOpAB+mhitl/Ra6utFfvfxM0NAo02oLwHMul8Q8hip4eDfku2hxUTSkiglQVnr8aysB8qV/+FKez6YDwxF6HBxYTJJClU82ACl6C70M/KAIVgNxZGMLKdvqxll5niVEwe1IPZuYOgeZwJ47q1IjiDxiq8U/PwW0dS/903Q9t633/zDrSQ07agaq5tzFcIqoKby4k8zcj046wjUP9+74TWrDuVro8SPNQx jimmy@DESKTOP-3R2N1QL",
            "tags": null
          },
          "private": "eyJzY2hlbWFfdmVyc2lvbiI6IjEifQ=="
        }
      ]
    },
    {
      "mode": "managed",
      "type": "aws_security_group",
      "name": "allow_rtmp",
      "provider": "provider[\"registry.terraform.io/hashicorp/aws\"]",
      "instances": [
        {
          "schema_version": 1,
          "attributes": {
            "arn": "arn:aws:ec2:us-east-1:626034116433:security-group/sg-08c00c073b7fdfefc",
            "description": "Allow RTMP inbound traffic",
            "egress": [
              {
                "cidr_blocks": [
                  "0.0.0.0/0"
                ],
                "description": "",
                "from_port": 0,
                "ipv6_cidr_blocks": [],
                "prefix_list_ids": [],
                "protocol": "-1",
                "security_groups": [],
                "self": false,
                "to_port": 0
              }
            ],
            "id": "sg-08c00c073b7fdfefc",
            "ingress": [
              {
                "cidr_blocks": [
                  "0.0.0.0/0"
                ],
                "description": "RTMP",
                "from_port": 1935,
                "ipv6_cidr_blocks": [],
                "prefix_list_ids": [],
                "protocol": "tcp",
                "security_groups": [],
                "self": false,
                "to_port": 1935
              },
              {
                "cidr_blocks": [
                  "0.0.0.0/0"
                ],
                "description": "SSH",
                "from_port": 22,
                "ipv6_cidr_blocks": [],
                "prefix_list_ids": [],
                "protocol": "tcp",
                "security_groups": [],
                "self": false,
                "to_port": 22
              }
            ],
            "name": "allow_rtmp",
            "name_prefix": "",
            "owner_id": "626034116433",
            "revoke_rules_on_delete": false,
            "tags": {
              "Name": "allow_rtmp"
            },
            "timeouts": null,
            "vpc_id": "vpc-6f603815"
          },
          "private": "eyJlMmJmYjczMC1lY2FhLTExZTYtOGY4OC0zNDM2M2JjN2M0YzAiOnsiY3JlYXRlIjo2MDAwMDAwMDAwMDAsImRlbGV0ZSI6NjAwMDAwMDAwMDAwfSwic2NoZW1hX3ZlcnNpb24iOiIxIn0="
        }
      ]
    }
  ]
}
